
Microsoft Visual Studio Solution File, Format Version 12.00
# Visual Studio Version 17
VisualStudioVersion = 17.5.2.0
MinimumVisualStudioVersion = 10.0.40219.1
Project("{FAE04EC0-301F-11D3-BF4B-00C04F79EFBC}") = "Exercicio01.ConsoleApp", "Exercicio01.ConsoleApp.csproj", "{79CB7AFC-3ACC-0B06-CC47-E854F60E7BE4}"
EndProject
Project("{FAE04EC0-301F-11D3-BF4B-00C04F79EFBC}") = "Exercicio04.ConsoleApp", "Exercicio04.ConsoleApp\Exercicio04.ConsoleApp.csproj", "{E66DEBC7-5D38-4A32-886A-0727008C100F}"
EndProject
Project("{FAE04EC0-301F-11D3-BF4B-00C04F79EFBC}") = "Exercicio05.ConsoleApp", "Exercicio05.ConsoleApp\Exercicio05.ConsoleApp.csproj", "{3E092960-7A93-4E61-A13B-23F630629598}"
EndProject
Project("{FAE04EC0-301F-11D3-BF4B-00C04F79EFBC}") = "Exercicio06.ConsoleApp", "Exercicio06.ConsoleApp\Exercicio06.ConsoleApp.csproj", "{0E2EDCBB-8196-4989-9D6E-E1092C25851F}"
EndProject
Global
	GlobalSection(SolutionConfigurationPlatforms) = preSolution
		Debug|Any CPU = Debug|Any CPU
		Debug|x64 = Debug|x64
		Debug|x86 = Debug|x86
		Release|Any CPU = Release|Any CPU
		Release|x64 = Release|x64
		Release|x86 = Release|x86
	EndGlobalSection
	GlobalSection(ProjectConfigurationPlatforms) = postSolution
		{79CB7AFC-3ACC-0B06-CC47-E854F60E7BE4}.Debug|Any CPU.ActiveCfg = Debug|Any CPU
		{79CB7AFC-3ACC-0B06-CC47-E854F60E7BE4}.Debug|Any CPU.Build.0 = Debug|Any CPU
		{79CB7AFC-3ACC-0B06-CC47-E854F60E7BE4}.Debug|x64.ActiveCfg = Debug|Any CPU
		{79CB7AFC-3ACC-0B06-CC47-E854F60E7BE4}.Debug|x64.Build.0 = Debug|Any CPU
		{79CB7AFC-3ACC-0B06-CC47-E854F60E7BE4}.Debug|x86.ActiveCfg = Debug|Any CPU
		{79CB7AFC-3ACC-0B06-CC47-E854F60E7BE4}.Debug|x86.Build.0 = Debug|Any CPU
		{79CB7AFC-3ACC-0B06-CC47-E854F60E7BE4}.Release|Any CPU.ActiveCfg = Release|Any CPU
		{79CB7AFC-3ACC-0B06-CC47-E854F60E7BE4}.Release|Any CPU.Build.0 = Release|Any CPU
		{79CB7AFC-3ACC-0B06-CC47-E854F60E7BE4}.Release|x64.ActiveCfg = Release|Any CPU
		{79CB7AFC-3ACC-0B06-CC47-E854F60E7BE4}.Release|x64.Build.0 = Release|Any CPU
		{79CB7AFC-3ACC-0B06-CC47-E854F60E7BE4}.Release|x86.ActiveCfg = Release|Any CPU
		{79CB7AFC-3ACC-0B06-CC47-E854F60E7BE4}.Release|x86.Build.0 = Release|Any CPU
		{E66DEBC7-5D38-4A32-886A-0727008C100F}.Debug|Any CPU.ActiveCfg = Debug|Any CPU
		{E66DEBC7-5D38-4A32-886A-0727008C100F}.Debug|Any CPU.Build.0 = Debug|Any CPU
		{E66DEBC7-5D38-4A32-886A-0727008C100F}.Debug|x64.ActiveCfg = Debug|Any CPU
		{E66DEBC7-5D38-4A32-886A-0727008C100F}.Debug|x64.Build.0 = Debug|Any CPU
		{E66DEBC7-5D38-4A32-886A-0727008C100F}.Debug|x86.ActiveCfg = Debug|Any CPU
		{E66DEBC7-5D38-4A32-886A-0727008C100F}.Debug|x86.Build.0 = Debug|Any CPU
		{E66DEBC7-5D38-4A32-886A-0727008C100F}.Release|Any CPU.ActiveCfg = Release|Any CPU
		{E66DEBC7-5D38-4A32-886A-0727008C100F}.Release|Any CPU.Build.0 = Release|Any CPU
		{E66DEBC7-5D38-4A32-886A-0727008C100F}.Release|x64.ActiveCfg = Release|Any CPU
		{E66DEBC7-5D38-4A32-886A-0727008C100F}.Release|x64.Build.0 = Release|Any CPU
		{E66DEBC7-5D38-4A32-886A-0727008C100F}.Release|x86.ActiveCfg = Release|Any CPU
		{E66DEBC7-5D38-4A32-886A-0727008C100F}.Release|x86.Build.0 = Release|Any CPU
		{3E092960-7A93-4E61-A13B-23F630629598}.Debug|Any CPU.ActiveCfg = Debug|Any CPU
		{3E092960-7A93-4E61-A13B-23F630629598}.Debug|Any CPU.Build.0 = Debug|Any CPU
		{3E092960-7A93-4E61-A13B-23F630629598}.Debug|x64.ActiveCfg = Debug|Any CPU
		{3E092960-7A93-4E61-A13B-23F630629598}.Debug|x64.Build.0 = Debug|Any CPU
		{3E092960-7A93-4E61-A13B-23F630629598}.Debug|x86.ActiveCfg = Debug|Any CPU
		{3E092960-7A93-4E61-A13B-23F630629598}.Debug|x86.Build.0 = Debug|Any CPU
		{3E092960-7A93-4E61-A13B-23F630629598}.Release|Any CPU.ActiveCfg = Release|Any CPU
		{3E092960-7A93-4E61-A13B-23F630629598}.Release|Any CPU.Build.0 = Release|Any CPU
		{3E092960-7A93-4E61-A13B-23F630629598}.Release|x64.ActiveCfg = Release|Any CPU
		{3E092960-7A93-4E61-A13B-23F630629598}.Release|x64.Build.0 = Release|Any CPU
		{3E092960-7A93-4E61-A13B-23F630629598}.Release|x86.ActiveCfg = Release|Any CPU
		{3E092960-7A93-4E61-A13B-23F630629598}.Release|x86.Build.0 = Release|Any CPU
		{0E2EDCBB-8196-4989-9D6E-E1092C25851F}.Debug|Any CPU.ActiveCfg = Debug|Any CPU
		{0E2EDCBB-8196-4989-9D6E-E1092C25851F}.Debug|Any CPU.Build.0 = Debug|Any CPU
		{0E2EDCBB-8196-4989-9D6E-E1092C25851F}.Debug|x64.ActiveCfg = Debug|Any CPU
		{0E2EDCBB-8196-4989-9D6E-E1092C25851F}.Debug|x64.Build.0 = Debug|Any CPU
		{0E2EDCBB-8196-4989-9D6E-E1092C25851F}.Debug|x86.ActiveCfg = Debug|Any CPU
		{0E2EDCBB-8196-4989-9D6E-E1092C25851F}.Debug|x86.Build.0 = Debug|Any CPU
		{0E2EDCBB-8196-4989-9D6E-E1092C25851F}.Release|Any CPU.ActiveCfg = Release|Any CPU
		{0E2EDCBB-8196-4989-9D6E-E1092C25851F}.Release|Any CPU.Build.0 = Release|Any CPU
		{0E2EDCBB-8196-4989-9D6E-E1092C25851F}.Release|x64.ActiveCfg = Release|Any CPU
		{0E2EDCBB-8196-4989-9D6E-E1092C25851F}.Release|x64.Build.0 = Release|Any CPU
		{0E2EDCBB-8196-4989-9D6E-E1092C25851F}.Release|x86.ActiveCfg = Release|Any CPU
		{0E2EDCBB-8196-4989-9D6E-E1092C25851F}.Release|x86.Build.0 = Release|Any CPU
	EndGlobalSection
	GlobalSection(SolutionProperties) = preSolution
		HideSolutionNode = FALSE
	EndGlobalSection
	GlobalSection(ExtensibilityGlobals) = postSolution
		SolutionGuid = {457AE482-3E40-4828-8598-3E4626CE60D6}
	EndGlobalSection
EndGlobal
